// !$*UTF8*$!
{
	archiveVersion = 1;
	classes = {
	};
	objectVersion = 56;
	objects = {

/* Begin PBXBuildFile section */
		894DE6B82A0D3F6A00DA7588 /* NotePadApp.swift in Sources */ = {isa = PBXBuildFile; fileRef = 894DE6B72A0D3F6A00DA7588 /* NotePadApp.swift */; };
		894DE6BA2A0D3F6A00DA7588 /* ContentView.swift in Sources */ = {isa = PBXBuildFile; fileRef = 894DE6B92A0D3F6A00DA7588 /* ContentView.swift */; };
		894DE6BC2A0D3F6A00DA7588 /* Assets.xcassets in Resources */ = {isa = PBXBuildFile; fileRef = 894DE6BB2A0D3F6A00DA7588 /* Assets.xcassets */; };
		894DE6BF2A0D3F6A00DA7588 /* Preview Assets.xcassets in Resources */ = {isa = PBXBuildFile; fileRef = 894DE6BE2A0D3F6A00DA7588 /* Preview Assets.xcassets */; };
		894DE6C92A0D3F6A00DA7588 /* NotePadTests.swift in Sources */ = {isa = PBXBuildFile; fileRef = 894DE6C82A0D3F6A00DA7588 /* NotePadTests.swift */; };
		894DE6D32A0D3F6A00DA7588 /* NotePadUITests.swift in Sources */ = {isa = PBXBuildFile; fileRef = 894DE6D22A0D3F6A00DA7588 /* NotePadUITests.swift */; };
		894DE6D52A0D3F6A00DA7588 /* NotePadUITestsLaunchTests.swift in Sources */ = {isa = PBXBuildFile; fileRef = 894DE6D42A0D3F6A00DA7588 /* NotePadUITestsLaunchTests.swift */; };
/* End PBXBuildFile section */

/* Begin PBXContainerItemProxy section */
		894DE6C52A0D3F6A00DA7588 /* PBXContainerItemProxy */ = {
			isa = PBXContainerItemProxy;
			containerPortal = 894DE6AC2A0D3F6A00DA7588 /* Project object */;
			proxyType = 1;
			remoteGlobalIDString = 894DE6B32A0D3F6A00DA7588;
			remoteInfo = NotePad;
		};
		894DE6CF2A0D3F6A00DA7588 /* PBXContainerItemProxy */ = {
			isa = PBXContainerItemProxy;
			containerPortal = 894DE6AC2A0D3F6A00DA7588 /* Project object */;
			proxyType = 1;
			remoteGlobalIDString = 894DE6B32A0D3F6A00DA7588;
			remoteInfo = NotePad;
		};
/* End PBXContainerItemProxy section */

/* Begin PBXFileReference section */
		894DE6B42A0D3F6A00DA7588 /* NotePad.app */ = {isa = PBXFileReference; explicitFileType = wrapper.application; includeInIndex = 0; path = NotePad.app; sourceTree = BUILT_PRODUCTS_DIR; };
		894DE6B72A0D3F6A00DA7588 /* NotePadApp.swift */ = {isa = PBXFileReference; lastKnownFileType = sourcecode.swift; path = NotePadApp.swift; sourceTree = "<group>"; };
		894DE6B92A0D3F6A00DA7588 /* ContentView.swift */ = {isa = PBXFileReference; lastKnownFileType = sourcecode.swift; path = ContentView.swift; sourceTree = "<group>"; };
		894DE6BB2A0D3F6A00DA7588 /* Assets.xcassets */ = {isa = PBXFileReference; lastKnownFileType = folder.assetcatalog; path = Assets.xcassets; sourceTree = "<group>"; };
		894DE6BE2A0D3F6A00DA7588 /* Preview Assets.xcassets */ = {isa = PBXFileReference; lastKnownFileType = folder.assetcatalog; path = "Preview Assets.xcassets"; sourceTree = "<group>"; };
		894DE6C42A0D3F6A00DA7588 /* NotePadTests.xctest */ = {isa = PBXFileReference; explicitFileType = wrapper.cfbundle; includeInIndex = 0; path = NotePadTests.xctest; sourceTree = BUILT_PRODUCTS_DIR; };
		894DE6C82A0D3F6A00DA7588 /* NotePadTests.swift */ = {isa = PBXFileReference; lastKnownFileType = sourcecode.swift; path = NotePadTests.swift; sourceTree = "<group>"; };
		894DE6CE2A0D3F6A00DA7588 /* NotePadUITests.xctest */ = {isa = PBXFileReference; explicitFileType = wrapper.cfbundle; includeInIndex = 0; path = NotePadUITests.xctest; sourceTree = BUILT_PRODUCTS_DIR; };
		894DE6D22A0D3F6A00DA7588 /* NotePadUITests.swift */ = {isa = PBXFileReference; lastKnownFileType = sourcecode.swift; path = NotePadUITests.swift; sourceTree = "<group>"; };
		894DE6D42A0D3F6A00DA7588 /* NotePadUITestsLaunchTests.swift */ = {isa = PBXFileReference; lastKnownFileType = sourcecode.swift; path = NotePadUITestsLaunchTests.swift; sourceTree = "<group>"; };
/* End PBXFileReference section */

/* Begin PBXFrameworksBuildPhase section */
		894DE6B12A0D3F6A00DA7588 /* Frameworks */ = {
			isa = PBXFrameworksBuildPhase;
			buildActionMask = 2147483647;
			files = (
			);
			runOnlyForDeploymentPostprocessing = 0;
		};
		894DE6C12A0D3F6A00DA7588 /* Frameworks */ = {
			isa = PBXFrameworksBuildPhase;
			buildActionMask = 2147483647;
			files = (
			);
			runOnlyForDeploymentPostprocessing = 0;
		};
		894DE6CB2A0D3F6A00DA7588 /* Frameworks */ = {
			isa = PBXFrameworksBuildPhase;
			buildActionMask = 2147483647;
			files = (
			);
			runOnlyForDeploymentPostprocessing = 0;
		};
/* End PBXFrameworksBuildPhase section */

/* Begin PBXGroup section */
		894DE6AB2A0D3F6A00DA7588 = {
			isa = PBXGroup;
			children = (
				894DE6B62A0D3F6A00DA7588 /* NotePad */,
				894DE6C72A0D3F6A00DA7588 /* NotePadTests */,
				894DE6D12A0D3F6A00DA7588 /* NotePadUITests */,
				894DE6B52A0D3F6A00DA7588 /* Products */,
			);
			sourceTree = "<group>";
		};
		894DE6B52A0D3F6A00DA7588 /* Products */ = {
			isa = PBXGroup;
			children = (
				894DE6B42A0D3F6A00DA7588 /* NotePad.app */,
				894DE6C42A0D3F6A00DA7588 /* NotePadTests.xctest */,
				894DE6CE2A0D3F6A00DA7588 /* NotePadUITests.xctest */,
			);
			name = Products;
			sourceTree = "<group>";
		};
		894DE6B62A0D3F6A00DA7588 /* NotePad */ = {
			isa = PBXGroup;
			children = (
				894DE6B72A0D3F6A00DA7588 /* NotePadApp.swift */,
				894DE6B92A0D3F6A00DA7588 /* ContentView.swift */,
				894DE6BB2A0D3F6A00DA7588 /* Assets.xcassets */,
				894DE6BD2A0D3F6A00DA7588 /* Preview Content */,
			);
			path = NotePad;
			sourceTree = "<group>";
		};
		894DE6BD2A0D3F6A00DA7588 /* Preview Content */ = {
			isa = PBXGroup;
			children = (
				894DE6BE2A0D3F6A00DA7588 /* Preview Assets.xcassets */,
			);
			path = "Preview Content";
			sourceTree = "<group>";
		};
		894DE6C72A0D3F6A00DA7588 /* NotePadTests */ = {
			isa = PBXGroup;
			children = (
				894DE6C82A0D3F6A00DA7588 /* NotePadTests.swift */,
			);
			path = NotePadTests;
			sourceTree = "<group>";
		};
		894DE6D12A0D3F6A00DA7588 /* NotePadUITests */ = {
			isa = PBXGroup;
			children = (
				894DE6D22A0D3F6A00DA7588 /* NotePadUITests.swift */,
				894DE6D42A0D3F6A00DA7588 /* NotePadUITestsLaunchTests.swift */,
			);
			path = NotePadUITests;
			sourceTree = "<group>";
		};
/* End PBXGroup section */

/* Begin PBXNativeTarget section */
		894DE6B32A0D3F6A00DA7588 /* NotePad */ = {
			isa = PBXNativeTarget;
			buildConfigurationList = 894DE6D82A0D3F6A00DA7588 /* Build configuration list for PBXNativeTarget "NotePad" */;
			buildPhases = (
				894DE6B02A0D3F6A00DA7588 /* Sources */,
				894DE6B12A0D3F6A00DA7588 /* Frameworks */,
				894DE6B22A0D3F6A00DA7588 /* Resources */,
			);
			buildRules = (
			);
			dependencies = (
			);
			name = NotePad;
			productName = NotePad;
			productReference = 894DE6B42A0D3F6A00DA7588 /* NotePad.app */;
			productType = "com.apple.product-type.application";
		};
		894DE6C32A0D3F6A00DA7588 /* NotePadTests */ = {
			isa = PBXNativeTarget;
			buildConfigurationList = 894DE6DB2A0D3F6A00DA7588 /* Build configuration list for PBXNativeTarget "NotePadTests" */;
			buildPhases = (
				894DE6C02A0D3F6A00DA7588 /* Sources */,
				894DE6C12A0D3F6A00DA7588 /* Frameworks */,
				894DE6C22A0D3F6A00DA7588 /* Resources */,
			);
			buildRules = (
			);
			dependencies = (
				894DE6C62A0D3F6A00DA7588 /* PBXTargetDependency */,
			);
			name = NotePadTests;
			productName = NotePadTests;
			productReference = 894DE6C42A0D3F6A00DA7588 /* NotePadTests.xctest */;
			productType = "com.apple.product-type.bundle.unit-test";
		};
		894DE6CD2A0D3F6A00DA7588 /* NotePadUITests */ = {
			isa = PBXNativeTarget;
			buildConfigurationList = 894DE6DE2A0D3F6A00DA7588 /* Build configuration list for PBXNativeTarget "NotePadUITests" */;
			buildPhases = (
				894DE6CA2A0D3F6A00DA7588 /* Sources */,
				894DE6CB2A0D3F6A00DA7588 /* Frameworks */,
				894DE6CC2A0D3F6A00DA7588 /* Resources */,
			);
			buildRules = (
			);
			dependencies = (
				894DE6D02A0D3F6A00DA7588 /* PBXTargetDependency */,
			);
			name = NotePadUITests;
			productName = NotePadUITests;
			productReference = 894DE6CE2A0D3F6A00DA7588 /* NotePadUITests.xctest */;
			productType = "com.apple.product-type.bundle.ui-testing";
		};
/* End PBXNativeTarget section */

/* Begin PBXProject section */
		894DE6AC2A0D3F6A00DA7588 /* Project object */ = {
			isa = PBXProject;
			attributes = {
				BuildIndependentTargetsInParallel = 1;
				LastSwiftUpdateCheck = 1430;
				LastUpgradeCheck = 1430;
				TargetAttributes = {
					894DE6B32A0D3F6A00DA7588 = {
						CreatedOnToolsVersion = 14.3;
					};
					894DE6C32A0D3F6A00DA7588 = {
						CreatedOnToolsVersion = 14.3;
						TestTargetID = 894DE6B32A0D3F6A00DA7588;
					};
					894DE6CD2A0D3F6A00DA7588 = {
						CreatedOnToolsVersion = 14.3;
						TestTargetID = 894DE6B32A0D3F6A00DA7588;
					};
				};
			};
			buildConfigurationList = 894DE6AF2A0D3F6A00DA7588 /* Build configuration list for PBXProject "NotePad" */;
			compatibilityVersion = "Xcode 14.0";
			developmentRegion = en;
			hasScannedForEncodings = 0;
			knownRegions = (
				en,
				Base,
			);
			mainGroup = 894DE6AB2A0D3F6A00DA7588;
			productRefGroup = 894DE6B52A0D3F6A00DA7588 /* Products */;
			projectDirPath = "";
			projectRoot = "";
			targets = (
				894DE6B32A0D3F6A00DA7588 /* NotePad */,
				894DE6C32A0D3F6A00DA7588 /* NotePadTests */,
				894DE6CD2A0D3F6A00DA7588 /* NotePadUITests */,
			);
		};
/* End PBXProject section */

/* Begin PBXResourcesBuildPhase section */
		894DE6B22A0D3F6A00DA7588 /* Resources */ = {
			isa = PBXResourcesBuildPhase;
			buildActionMask = 2147483647;
			files = (
				894DE6BF2A0D3F6A00DA7588 /* Preview Assets.xcassets in Resources */,
				894DE6BC2A0D3F6A00DA7588 /* Assets.xcassets in Resources */,
			);
			runOnlyForDeploymentPostprocessing = 0;
		};
		894DE6C22A0D3F6A00DA7588 /* Resources */ = {
			isa = PBXResourcesBuildPhase;
			buildActionMask = 2147483647;
			files = (
			);
			runOnlyForDeploymentPostprocessing = 0;
		};
		894DE6CC2A0D3F6A00DA7588 /* Resources */ = {
			isa = PBXResourcesBuildPhase;
			buildActionMask = 2147483647;
			files = (
			);
			runOnlyForDeploymentPostprocessing = 0;
		};
/* End PBXResourcesBuildPhase section */

/* Begin PBXSourcesBuildPhase section */
		894DE6B02A0D3F6A00DA7588 /* Sources */ = {
			isa = PBXSourcesBuildPhase;
			buildActionMask = 2147483647;
			files = (
				894DE6BA2A0D3F6A00DA7588 /* ContentView.swift in Sources */,
				894DE6B82A0D3F6A00DA7588 /* NotePadApp.swift in Sources */,
			);
			runOnlyForDeploymentPostprocessing = 0;
		};
		894DE6C02A0D3F6A00DA7588 /* Sources */ = {
			isa = PBXSourcesBuildPhase;
			buildActionMask = 2147483647;
			files = (
				894DE6C92A0D3F6A00DA7588 /* NotePadTests.swift in Sources */,
			);
			runOnlyForDeploymentPostprocessing = 0;
		};
		894DE6CA2A0D3F6A00DA7588 /* Sources */ = {
			isa = PBXSourcesBuildPhase;
			buildActionMask = 2147483647;
			files = (
				894DE6D52A0D3F6A00DA7588 /* NotePadUITestsLaunchTests.swift in Sources */,
				894DE6D32A0D3F6A00DA7588 /* NotePadUITests.swift in Sources */,
			);
			runOnlyForDeploymentPostprocessing = 0;
		};
/* End PBXSourcesBuildPhase section */

/* Begin PBXTargetDependency section */
		894DE6C62A0D3F6A00DA7588 /* PBXTargetDependency */ = {
			isa = PBXTargetDependency;
			target = 894DE6B32A0D3F6A00DA7588 /* NotePad */;
			targetProxy = 894DE6C52A0D3F6A00DA7588 /* PBXContainerItemProxy */;
		};
		894DE6D02A0D3F6A00DA7588 /* PBXTargetDependency */ = {
			isa = PBXTargetDependency;
			target = 894DE6B32A0D3F6A00DA7588 /* NotePad */;
			targetProxy = 894DE6CF2A0D3F6A00DA7588 /* PBXContainerItemProxy */;
		};
/* End PBXTargetDependency section */

/* Begin XCBuildConfiguration section */
		894DE6D62A0D3F6A00DA7588 /* Debug */ = {
			isa = XCBuildConfiguration;
			buildSettings = {
				ALWAYS_SEARCH_USER_PATHS = NO;
				CLANG_ANALYZER_NONNULL = YES;
				CLANG_ANALYZER_NUMBER_OBJECT_CONVERSION = YES_AGGRESSIVE;
				CLANG_CXX_LANGUAGE_STANDARD = "gnu++20";
				CLANG_ENABLE_MODULES = YES;
				CLANG_ENABLE_OBJC_ARC = YES;
				CLANG_ENABLE_OBJC_WEAK = YES;
				CLANG_WARN_BLOCK_CAPTURE_AUTORELEASING = YES;
				CLANG_WARN_BOOL_CONVERSION = YES;
				CLANG_WARN_COMMA = YES;
				CLANG_WARN_CONSTANT_CONVERSION = YES;
				CLANG_WARN_DEPRECATED_OBJC_IMPLEMENTATIONS = YES;
				CLANG_WARN_DIRECT_OBJC_ISA_USAGE = YES_ERROR;
				CLANG_WARN_DOCUMENTATION_COMMENTS = YES;
				CLANG_WARN_EMPTY_BODY = YES;
				CLANG_WARN_ENUM_CONVERSION = YES;
				CLANG_WARN_INFINITE_RECURSION = YES;
				CLANG_WARN_INT_CONVERSION = YES;
				CLANG_WARN_NON_LITERAL_NULL_CONVERSION = YES;
				CLANG_WARN_OBJC_IMPLICIT_RETAIN_SELF = YES;
				CLANG_WARN_OBJC_LITERAL_CONVERSION = YES;
				CLANG_WARN_OBJC_ROOT_CLASS = YES_ERROR;
				CLANG_WARN_QUOTED_INCLUDE_IN_FRAMEWORK_HEADER = YES;
				CLANG_WARN_RANGE_LOOP_ANALYSIS = YES;
				CLANG_WARN_STRICT_PROTOTYPES = YES;
				CLANG_WARN_SUSPICIOUS_MOVE = YES;
				CLANG_WARN_UNGUARDED_AVAILABILITY = YES_AGGRESSIVE;
				CLANG_WARN_UNREACHABLE_CODE = YES;
				CLANG_WARN__DUPLICATE_METHOD_MATCH = YES;
				COPY_PHASE_STRIP = NO;
				DEBUG_INFORMATION_FORMAT = dwarf;
				ENABLE_STRICT_OBJC_MSGSEND = YES;
				ENABLE_TESTABILITY = YES;
				GCC_C_LANGUAGE_STANDARD = gnu11;
				GCC_DYNAMIC_NO_PIC = NO;
				GCC_NO_COMMON_BLOCKS = YES;
				GCC_OPTIMIZATION_LEVEL = 0;
				GCC_PREPROCESSOR_DEFINITIONS = (
					"DEBUG=1",
					"$(inherited)",
				);
				GCC_WARN_64_TO_32_BIT_CONVERSION = YES;
				GCC_WARN_ABOUT_RETURN_TYPE = YES_ERROR;
				GCC_WARN_UNDECLARED_SELECTOR = YES;
				GCC_WARN_UNINITIALIZED_AUTOS = YES_AGGRESSIVE;
				GCC_WARN_UNUSED_FUNCTION = YES;
				GCC_WARN_UNUSED_VARIABLE = YES;
				IPHONEOS_DEPLOYMENT_TARGET = 16.4;
				MTL_ENABLE_DEBUG_INFO = INCLUDE_SOURCE;
				MTL_FAST_MATH = YES;
				ONLY_ACTIVE_ARCH = YES;
				SDKROOT = iphoneos;
				SWIFT_ACTIVE_COMPILATION_CONDITIONS = DEBUG;
				SWIFT_OPTIMIZATION_LEVEL = "-Onone";
			};
			name = Debug;
		};
		894DE6D72A0D3F6A00DA7588 /* Release */ = {
			isa = XCBuildConfiguration;
			buildSettings = {
				ALWAYS_SEARCH_USER_PATHS = NO;
				CLANG_ANALYZER_NONNULL = YES;
				CLANG_ANALYZER_NUMBER_OBJECT_CONVERSION = YES_AGGRESSIVE;
				CLANG_CXX_LANGUAGE_STANDARD = "gnu++20";
				CLANG_ENABLE_MODULES = YES;
				CLANG_ENABLE_OBJC_ARC = YES;
				CLANG_ENABLE_OBJC_WEAK = YES;
				CLANG_WARN_BLOCK_CAPTURE_AUTORELEASING = YES;
				CLANG_WARN_BOOL_CONVERSION = YES;
				CLANG_WARN_COMMA = YES;
				CLANG_WARN_CONSTANT_CONVERSION = YES;
				CLANG_WARN_DEPRECATED_OBJC_IMPLEMENTATIONS = YES;
				CLANG_WARN_DIRECT_OBJC_ISA_USAGE = YES_ERROR;
				CLANG_WARN_DOCUMENTATION_COMMENTS = YES;
				CLANG_WARN_EMPTY_BODY = YES;
				CLANG_WARN_ENUM_CONVERSION = YES;
				CLANG_WARN_INFINITE_RECURSION = YES;
				CLANG_WARN_INT_CONVERSION = YES;
				CLANG_WARN_NON_LITERAL_NULL_CONVERSION = YES;
				CLANG_WARN_OBJC_IMPLICIT_RETAIN_SELF = YES;
				CLANG_WARN_OBJC_LITERAL_CONVERSION = YES;
				CLANG_WARN_OBJC_ROOT_CLASS = YES_ERROR;
				CLANG_WARN_QUOTED_INCLUDE_IN_FRAMEWORK_HEADER = YES;
				CLANG_WARN_RANGE_LOOP_ANALYSIS = YES;
				CLANG_WARN_STRICT_PROTOTYPES = YES;
				CLANG_WARN_SUSPICIOUS_MOVE = YES;
				CLANG_WARN_UNGUARDED_AVAILABILITY = YES_AGGRESSIVE;
				CLANG_WARN_UNREACHABLE_CODE = YES;
				CLANG_WARN__DUPLICATE_METHOD_MATCH = YES;
				COPY_PHASE_STRIP = NO;
				DEBUG_INFORMATION_FORMAT = "dwarf-with-dsym";
				ENABLE_NS_ASSERTIONS = NO;
				ENABLE_STRICT_OBJC_MSGSEND = YES;
				GCC_C_LANGUAGE_STANDARD = gnu11;
				GCC_NO_COMMON_BLOCKS = YES;
				GCC_WARN_64_TO_32_BIT_CONVERSION = YES;
				GCC_WARN_ABOUT_RETURN_TYPE = YES_ERROR;
				GCC_WARN_UNDECLARED_SELECTOR = YES;
				GCC_WARN_UNINITIALIZED_AUTOS = YES_AGGRESSIVE;
				GCC_WARN_UNUSED_FUNCTION = YES;
				GCC_WARN_UNUSED_VARIABLE = YES;
				IPHONEOS_DEPLOYMENT_TARGET = 16.4;
				MTL_ENABLE_DEBUG_INFO = NO;
				MTL_FAST_MATH = YES;
				SDKROOT = iphoneos;
				SWIFT_COMPILATION_MODE = wholemodule;
				SWIFT_OPTIMIZATION_LEVEL = "-O";
				VALIDATE_PRODUCT = YES;
			};
			name = Release;
		};
		894DE6D92A0D3F6A00DA7588 /* Debug */ = {
			isa = XCBuildConfiguration;
			buildSettings = {
				ASSETCATALOG_COMPILER_APPICON_NAME = AppIcon;
				ASSETCATALOG_COMPILER_GLOBAL_ACCENT_COLOR_NAME = AccentColor;
				CODE_SIGN_STYLE = Automatic;
				CURRENT_PROJECT_VERSION = 1;
				DEVELOPMENT_ASSET_PATHS = "\"NotePad/Preview Content\"";
				DEVELOPMENT_TEAM = 65LG28A5FY;
				ENABLE_PREVIEWS = YES;
				GENERATE_INFOPLIST_FILE = YES;
				INFOPLIST_KEY_UIApplicationSceneManifest_Generation = YES;
				INFOPLIST_KEY_UIApplicationSupportsIndirectInputEvents = YES;
				INFOPLIST_KEY_UILaunchScreen_Generation = YES;
				INFOPLIST_KEY_UISupportedInterfaceOrientations_iPad = "UIInterfaceOrientationPortrait UIInterfaceOrientationPortraitUpsideDown UIInterfaceOrientationLandscapeLeft UIInterfaceOrientationLandscapeRight";
				INFOPLIST_KEY_UISupportedInterfaceOrientations_iPhone = "UIInterfaceOrientationPortrait UIInterfaceOrientationLandscapeLeft UIInterfaceOrientationLandscapeRight";
				LD_RUNPATH_SEARCH_PATHS = (
					"$(inherited)",
					"@executable_path/Frameworks",
				);
				MARKETING_VERSION = 1.0;
				PRODUCT_BUNDLE_IDENTIFIER = ozgurmercan.NotePad;
				PRODUCT_NAME = "$(TARGET_NAME)";
				SWIFT_EMIT_LOC_STRINGS = YES;
				SWIFT_VERSION = 5.0;
				TARGETED_DEVICE_FAMILY = "1,2";
			};
			name = Debug;
		};
		894DE6DA2A0D3F6A00DA7588 /* Release */ = {
			isa = XCBuildConfiguration;
			buildSettings = {
				ASSETCATALOG_COMPILER_APPICON_NAME = AppIcon;
				ASSETCATALOG_COMPILER_GLOBAL_ACCENT_COLOR_NAME = AccentColor;
				CODE_SIGN_STYLE = Automatic;
				CURRENT_PROJECT_VERSION = 1;
				DEVELOPMENT_ASSET_PATHS = "\"NotePad/Preview Content\"";
				DEVELOPMENT_TEAM = 65LG28A5FY;
				ENABLE_PREVIEWS = YES;
				GENERATE_INFOPLIST_FILE = YES;
				INFOPLIST_KEY_UIApplicationSceneManifest_Generation = YES;
				INFOPLIST_KEY_UIApplicationSupportsIndirectInputEvents = YES;
				INFOPLIST_KEY_UILaunchScreen_Generation = YES;
				INFOPLIST_KEY_UISupportedInterfaceOrientations_iPad = "UIInterfaceOrientationPortrait UIInterfaceOrientationPortraitUpsideDown UIInterfaceOrientationLandscapeLeft UIInterfaceOrientationLandscapeRight";
				INFOPLIST_KEY_UISupportedInterfaceOrientations_iPhone = "UIInterfaceOrientationPortrait UIInterfaceOrientationLandscapeLeft UIInterfaceOrientationLandscapeRight";
				LD_RUNPATH_SEARCH_PATHS = (
					"$(inherited)",
					"@executable_path/Frameworks",
				);
				MARKETING_VERSION = 1.0;
				PRODUCT_BUNDLE_IDENTIFIER = ozgurmercan.NotePad;
				PRODUCT_NAME = "$(TARGET_NAME)";
				SWIFT_EMIT_LOC_STRINGS = YES;
				SWIFT_VERSION = 5.0;
				TARGETED_DEVICE_FAMILY = "1,2";
			};
			name = Release;
		};
		894DE6DC2A0D3F6A00DA7588 /* Debug */ = {
			isa = XCBuildConfiguration;
			buildSettings = {
				ALWAYS_EMBED_SWIFT_STANDARD_LIBRARIES = YES;
				BUNDLE_LOADER = "$(TEST_HOST)";
				CODE_SIGN_STYLE = Automatic;
				CURRENT_PROJECT_VERSION = 1;
				DEVELOPMENT_TEAM = 65LG28A5FY;
				GENERATE_INFOPLIST_FILE = YES;
				IPHONEOS_DEPLOYMENT_TARGET = 16.4;
				MARKETING_VERSION = 1.0;
				PRODUCT_BUNDLE_IDENTIFIER = ozgurmercan.NotePadTests;
				PRODUCT_NAME = "$(TARGET_NAME)";
				SWIFT_EMIT_LOC_STRINGS = NO;
				SWIFT_VERSION = 5.0;
				TARGETED_DEVICE_FAMILY = "1,2";
				TEST_HOST = "$(BUILT_PRODUCTS_DIR)/NotePad.app/$(BUNDLE_EXECUTABLE_FOLDER_PATH)/NotePad";
			};
			name = Debug;
		};
		894DE6DD2A0D3F6A00DA7588 /* Release */ = {
			isa = XCBuildConfiguration;
			buildSettings = {
				ALWAYS_EMBED_SWIFT_STANDARD_LIBRARIES = YES;
				BUNDLE_LOADER = "$(TEST_HOST)";
				CODE_SIGN_STYLE = Automatic;
				CURRENT_PROJECT_VERSION = 1;
				DEVELOPMENT_TEAM = 65LG28A5FY;
				GENERATE_INFOPLIST_FILE = YES;
				IPHONEOS_DEPLOYMENT_TARGET = 16.4;
				MARKETING_VERSION = 1.0;
				PRODUCT_BUNDLE_IDENTIFIER = ozgurmercan.NotePadTests;
				PRODUCT_NAME = "$(TARGET_NAME)";
				SWIFT_EMIT_LOC_STRINGS = NO;
				SWIFT_VERSION = 5.0;
				TARGETED_DEVICE_FAMILY = "1,2";
				TEST_HOST = "$(BUILT_PRODUCTS_DIR)/NotePad.app/$(BUNDLE_EXECUTABLE_FOLDER_PATH)/NotePad";
			};
			name = Release;
		};
		894DE6DF2A0D3F6A00DA7588 /* Debug */ = {
			isa = XCBuildConfiguration;
			buildSettings = {
				ALWAYS_EMBED_SWIFT_STANDARD_LIBRARIES = YES;
				CODE_SIGN_STYLE = Automatic;
				CURRENT_PROJECT_VERSION = 1;
				DEVELOPMENT_TEAM = 65LG28A5FY;
				GENERATE_INFOPLIST_FILE = YES;
				MARKETING_VERSION = 1.0;
				PRODUCT_BUNDLE_IDENTIFIER = ozgurmercan.NotePadUITests;
				PRODUCT_NAME = "$(TARGET_NAME)";
				SWIFT_EMIT_LOC_STRINGS = NO;
				SWIFT_VERSION = 5.0;
				TARGETED_DEVICE_FAMILY = "1,2";
				TEST_TARGET_NAME = NotePad;
			};
			name = Debug;
		};
		894DE6E02A0D3F6A00DA7588 /* Release */ = {
			isa = XCBuildConfiguration;
			buildSettings = {
				ALWAYS_EMBED_SWIFT_STANDARD_LIBRARIES = YES;
				CODE_SIGN_STYLE = Automatic;
				CURRENT_PROJECT_VERSION = 1;
				DEVELOPMENT_TEAM = 65LG28A5FY;
				GENERATE_INFOPLIST_FILE = YES;
				MARKETING_VERSION = 1.0;
				PRODUCT_BUNDLE_IDENTIFIER = ozgurmercan.NotePadUITests;
				PRODUCT_NAME = "$(TARGET_NAME)";
				SWIFT_EMIT_LOC_STRINGS = NO;
				SWIFT_VERSION = 5.0;
				TARGETED_DEVICE_FAMILY = "1,2";
				TEST_TARGET_NAME = NotePad;
			};
			name = Release;
		};
/* End XCBuildConfiguration section */

/* Begin XCConfigurationList section */
		894DE6AF2A0D3F6A00DA7588 /* Build configuration list for PBXProject "NotePad" */ = {
			isa = XCConfigurationList;
			buildConfigurations = (
				894DE6D62A0D3F6A00DA7588 /* Debug */,
				894DE6D72A0D3F6A00DA7588 /* Release */,
			);
			defaultConfigurationIsVisible = 0;
			defaultConfigurationName = Release;
		};
		894DE6D82A0D3F6A00DA7588 /* Build configuration list for PBXNativeTarget "NotePad" */ = {
			isa = XCConfigurationList;
			buildConfigurations = (
				894DE6D92A0D3F6A00DA7588 /* Debug */,
				894DE6DA2A0D3F6A00DA7588 /* Release */,
			);
			defaultConfigurationIsVisible = 0;
			defaultConfigurationName = Release;
		};
		894DE6DB2A0D3F6A00DA7588 /* Build configuration list for PBXNativeTarget "NotePadTests" */ = {
			isa = XCConfigurationList;
			buildConfigurations = (
				894DE6DC2A0D3F6A00DA7588 /* Debug */,
				894DE6DD2A0D3F6A00DA7588 /* Release */,
			);
			defaultConfigurationIsVisible = 0;
			defaultConfigurationName = Release;
		};
		894DE6DE2A0D3F6A00DA7588 /* Build configuration list for PBXNativeTarget "NotePadUITests" */ = {
			isa = XCConfigurationList;
			buildConfigurations = (
				894DE6DF2A0D3F6A00DA7588 /* Debug */,
				894DE6E02A0D3F6A00DA7588 /* Release */,
			);
			defaultConfigurationIsVisible = 0;
			defaultConfigurationName = Release;
		};
/* End XCConfigurationList section */
	};
	rootObject = 894DE6AC2A0D3F6A00DA7588 /* Project object */;
}
